
Microsoft Visual Studio Solution File, Format Version 12.00
# Visual Studio Version 16
VisualStudioVersion = 16.0.32630.194
MinimumVisualStudioVersion = 10.0.40219.1
Project("{FAE04EC0-301F-11D3-BF4B-00C04F79EFBC}") = "GitFeatureFlagAdjusterForRsharp", "GitFeatureFlagAdjusterForRsharp\GitFeatureFlagAdjusterForRsharp.csproj", "{7DD286F3-661C-410C-9BB8-6ACD4FD23ABE}"
EndProject
Global
	GlobalSection(SolutionConfigurationPlatforms) = preSolution
		Debug|Any CPU = Debug|Any CPU
		Release|Any CPU = Release|Any CPU
	EndGlobalSection
	GlobalSection(ProjectConfigurationPlatforms) = postSolution
		{7DD286F3-661C-410C-9BB8-6ACD4FD23ABE}.Debug|Any CPU.ActiveCfg = Debug|Any CPU
		{7DD286F3-661C-410C-9BB8-6ACD4FD23ABE}.Debug|Any CPU.Build.0 = Debug|Any CPU
		{7DD286F3-661C-410C-9BB8-6ACD4FD23ABE}.Release|Any CPU.ActiveCfg = Release|Any CPU
		{7DD286F3-661C-410C-9BB8-6ACD4FD23ABE}.Release|Any CPU.Build.0 = Release|Any CPU
	EndGlobalSection
	GlobalSection(SolutionProperties) = preSolution
		HideSolutionNode = FALSE
	EndGlobalSection
	GlobalSection(ExtensibilityGlobals) = postSolution
		SolutionGuid = {426B403E-1412-4DF8-9F3F-BBBF7AC3821C}
	EndGlobalSection
EndGlobal
